
Microsoft Visual Studio Solution File, Format Version 12.00
# Visual Studio Version 16
VisualStudioVersion = 16.0.31321.278
MinimumVisualStudioVersion = 10.0.40219.1
Project("{FAE04EC0-301F-11D3-BF4B-00C04F79EFBC}") = "SSMS", "SSMS\SSMS.csproj", "{EAE66730-9F22-4F73-B1F6-45BA004771DE}"
EndProject
Global
	GlobalSection(SolutionConfigurationPlatforms) = preSolution
		Debug|Any CPU = Debug|Any CPU
		Debug|x86 = Debug|x86
		Release|Any CPU = Release|Any CPU
		Release|x86 = Release|x86
		X86|Any CPU = X86|Any CPU
		X86|x86 = X86|x86
	EndGlobalSection
	GlobalSection(ProjectConfigurationPlatforms) = postSolution
		{EAE66730-9F22-4F73-B1F6-45BA004771DE}.Debug|Any CPU.ActiveCfg = Debug|Any CPU
		{EAE66730-9F22-4F73-B1F6-45BA004771DE}.Debug|Any CPU.Build.0 = Debug|Any CPU
		{EAE66730-9F22-4F73-B1F6-45BA004771DE}.Debug|x86.ActiveCfg = Debug|x86
		{EAE66730-9F22-4F73-B1F6-45BA004771DE}.Debug|x86.Build.0 = Debug|x86
		{EAE66730-9F22-4F73-B1F6-45BA004771DE}.Release|Any CPU.ActiveCfg = Release|Any CPU
		{EAE66730-9F22-4F73-B1F6-45BA004771DE}.Release|Any CPU.Build.0 = Release|Any CPU
		{EAE66730-9F22-4F73-B1F6-45BA004771DE}.Release|x86.ActiveCfg = Release|x86
		{EAE66730-9F22-4F73-B1F6-45BA004771DE}.Release|x86.Build.0 = Release|x86
		{EAE66730-9F22-4F73-B1F6-45BA004771DE}.X86|Any CPU.ActiveCfg = Debug|Any CPU
		{EAE66730-9F22-4F73-B1F6-45BA004771DE}.X86|Any CPU.Build.0 = Debug|Any CPU
		{EAE66730-9F22-4F73-B1F6-45BA004771DE}.X86|x86.ActiveCfg = Debug|x86
		{EAE66730-9F22-4F73-B1F6-45BA004771DE}.X86|x86.Build.0 = Debug|x86
	EndGlobalSection
	GlobalSection(SolutionProperties) = preSolution
		HideSolutionNode = FALSE
	EndGlobalSection
	GlobalSection(ExtensibilityGlobals) = postSolution
		SolutionGuid = {1330ADA7-E10A-462C-972D-2BE8824A38D5}
	EndGlobalSection
EndGlobal
